
Microsoft Visual Studio Solution File, Format Version 12.00
# Visual Studio Version 17
VisualStudioVersion = 17.7.34024.191
MinimumVisualStudioVersion = 10.0.40219.1
Project("{FAE04EC0-301F-11D3-BF4B-00C04F79EFBC}") = "TextAdventure", "TextAdventure\TextAdventure.csproj", "{6FE4EDA2-940E-4E3B-A8D5-724529892BE9}"
EndProject
Global
	GlobalSection(SolutionConfigurationPlatforms) = preSolution
		Debug|Any CPU = Debug|Any CPU
		Release|Any CPU = Release|Any CPU
	EndGlobalSection
	GlobalSection(ProjectConfigurationPlatforms) = postSolution
		{6FE4EDA2-940E-4E3B-A8D5-724529892BE9}.Debug|Any CPU.ActiveCfg = Debug|Any CPU
		{6FE4EDA2-940E-4E3B-A8D5-724529892BE9}.Debug|Any CPU.Build.0 = Debug|Any CPU
		{6FE4EDA2-940E-4E3B-A8D5-724529892BE9}.Release|Any CPU.ActiveCfg = Release|Any CPU
		{6FE4EDA2-940E-4E3B-A8D5-724529892BE9}.Release|Any CPU.Build.0 = Release|Any CPU
	EndGlobalSection
	GlobalSection(SolutionProperties) = preSolution
		HideSolutionNode = FALSE
	EndGlobalSection
	GlobalSection(ExtensibilityGlobals) = postSolution
		SolutionGuid = {0B37DC06-632A-49AF-8071-23747B08A939}
	EndGlobalSection
EndGlobal
